
Microsoft Visual Studio Solution File, Format Version 12.00
# Visual Studio Version 17
VisualStudioVersion = 17.2.32526.322
MinimumVisualStudioVersion = 10.0.40219.1
Project("{FAE04EC0-301F-11D3-BF4B-00C04F79EFBC}") = "features", "features\features.csproj", "{50D3DD66-74CF-4A25-9115-05C1543D0AC3}"
EndProject
Global
	GlobalSection(SolutionConfigurationPlatforms) = preSolution
		Debug|Any CPU = Debug|Any CPU
		Release|Any CPU = Release|Any CPU
	EndGlobalSection
	GlobalSection(ProjectConfigurationPlatforms) = postSolution
		{50D3DD66-74CF-4A25-9115-05C1543D0AC3}.Debug|Any CPU.ActiveCfg = Debug|Any CPU
		{50D3DD66-74CF-4A25-9115-05C1543D0AC3}.Debug|Any CPU.Build.0 = Debug|Any CPU
		{50D3DD66-74CF-4A25-9115-05C1543D0AC3}.Release|Any CPU.ActiveCfg = Release|Any CPU
		{50D3DD66-74CF-4A25-9115-05C1543D0AC3}.Release|Any CPU.Build.0 = Release|Any CPU
	EndGlobalSection
	GlobalSection(SolutionProperties) = preSolution
		HideSolutionNode = FALSE
	EndGlobalSection
	GlobalSection(ExtensibilityGlobals) = postSolution
		SolutionGuid = {46B45C20-6891-4DA4-B6EA-6AA18EDBDFA6}
	EndGlobalSection
EndGlobal
